
Microsoft Visual Studio Solution File, Format Version 10.00
# Visual Studio 2008
Project("{8BC9CEB8-8B4A-11D0-8D11-00A0C91BC942}") = "starter", "starter\starter.vcproj", "{F372734F-C221-41E1-BBD7-290C402E7F5B}"
EndProject
Global
	GlobalSection(SolutionConfigurationPlatforms) = preSolution
		Debug|Win32 = Debug|Win32
		Release|Win32 = Release|Win32
	EndGlobalSection
	GlobalSection(ProjectConfigurationPlatforms) = postSolution
		{F372734F-C221-41E1-BBD7-290C402E7F5B}.Debug|Win32.ActiveCfg = Debug|Win32
		{F372734F-C221-41E1-BBD7-290C402E7F5B}.Debug|Win32.Build.0 = Debug|Win32
		{F372734F-C221-41E1-BBD7-290C402E7F5B}.Release|Win32.ActiveCfg = Release|Win32
		{F372734F-C221-41E1-BBD7-290C402E7F5B}.Release|Win32.Build.0 = Release|Win32
	EndGlobalSection
	GlobalSection(SolutionProperties) = preSolution
		HideSolutionNode = FALSE
	EndGlobalSection
EndGlobal
